// !$*UTF8*$!
{
	archiveVersion = 1;
	classes = {
	};
	objectVersion = 56;
	objects = {

/* Begin PBXBuildFile section */
		11A25676D6227243C2810AD3 /* Pods_DailyCalories.framework in Frameworks */ = {isa = PBXBuildFile; fileRef = 8CB20D7EAD09579DAC7E23FF /* Pods_DailyCalories.framework */; };
		A514DDAD2D10ABA9008260B0 /* CameraManager.swift in Sources */ = {isa = PBXBuildFile; fileRef = A514DDAC2D10ABA9008260B0 /* CameraManager.swift */; };
		A51A7DBC2C98FD6B00D4CA19 /* testlabels.txt in Resources */ = {isa = PBXBuildFile; fileRef = A51A7DBB2C98FD6B00D4CA19 /* testlabels.txt */; };
		A55A9AF32A790B92001DD5EE /* CurrentViewController.swift in Sources */ = {isa = PBXBuildFile; fileRef = A55A9AF22A790B92001DD5EE /* CurrentViewController.swift */; };
		A55A9AF52A7C6D12001DD5EE /* SelectMealTableViewController.swift in Sources */ = {isa = PBXBuildFile; fileRef = A55A9AF42A7C6D12001DD5EE /* SelectMealTableViewController.swift */; };
		A55A9AF72A7CE016001DD5EE /* FoodList.plist in Resources */ = {isa = PBXBuildFile; fileRef = A55A9AF62A7CE016001DD5EE /* FoodList.plist */; };
		A55A9AF92A7CE23E001DD5EE /* Food.swift in Sources */ = {isa = PBXBuildFile; fileRef = A55A9AF82A7CE23E001DD5EE /* Food.swift */; };
		A57D552B2C8BECF3007063F7 /* AddMeal.swift in Sources */ = {isa = PBXBuildFile; fileRef = A57D552A2C8BECF3007063F7 /* AddMeal.swift */; };
		A57D552D2C8D9B7E007063F7 /* ViewResultController.swift in Sources */ = {isa = PBXBuildFile; fileRef = A57D552C2C8D9B7E007063F7 /* ViewResultController.swift */; };
		A57D55352C8FD2D6007063F7 /* example_model.tflite in Resources */ = {isa = PBXBuildFile; fileRef = A57D55342C8FD2D5007063F7 /* example_model.tflite */; };
		A587BFF22AA1680E0004BE2C /* PrevCalories.xcdatamodeld in Sources */ = {isa = PBXBuildFile; fileRef = A587BFF02AA1680E0004BE2C /* PrevCalories.xcdatamodeld */; };
		A587BFF42AA16BC60004BE2C /* PrevCalories.swift in Sources */ = {isa = PBXBuildFile; fileRef = A587BFF32AA16BC60004BE2C /* PrevCalories.swift */; };
		A59FD4F02A9D5FEA00B226B7 /* HistoryViewController.swift in Sources */ = {isa = PBXBuildFile; fileRef = A59FD4EF2A9D5FEA00B226B7 /* HistoryViewController.swift */; };
		A59FD4F42A9D619400B226B7 /* DateItem.swift in Sources */ = {isa = PBXBuildFile; fileRef = A59FD4F32A9D619400B226B7 /* DateItem.swift */; };
		A5B892D92A787065002A959E /* AppDelegate.swift in Sources */ = {isa = PBXBuildFile; fileRef = A5B892D82A787065002A959E /* AppDelegate.swift */; };
		A5B892DB2A787065002A959E /* SceneDelegate.swift in Sources */ = {isa = PBXBuildFile; fileRef = A5B892DA2A787065002A959E /* SceneDelegate.swift */; };
		A5B892E02A787065002A959E /* Main.storyboard in Resources */ = {isa = PBXBuildFile; fileRef = A5B892DE2A787065002A959E /* Main.storyboard */; };
		A5B892E22A787066002A959E /* Assets.xcassets in Resources */ = {isa = PBXBuildFile; fileRef = A5B892E12A787066002A959E /* Assets.xcassets */; };
		A5B892E52A787066002A959E /* LaunchScreen.storyboard in Resources */ = {isa = PBXBuildFile; fileRef = A5B892E32A787066002A959E /* LaunchScreen.storyboard */; };
/* End PBXBuildFile section */

/* Begin PBXFileReference section */
		05AF9A016FD4D24AA03D4A81 /* Pods-DailyCalories.release.xcconfig */ = {isa = PBXFileReference; includeInIndex = 1; lastKnownFileType = text.xcconfig; name = "Pods-DailyCalories.release.xcconfig"; path = "Target Support Files/Pods-DailyCalories/Pods-DailyCalories.release.xcconfig"; sourceTree = "<group>"; };
		3FED41EB7A6CE01DD61569F8 /* Pods-DailyCalories.debug.xcconfig */ = {isa = PBXFileReference; includeInIndex = 1; lastKnownFileType = text.xcconfig; name = "Pods-DailyCalories.debug.xcconfig"; path = "Target Support Files/Pods-DailyCalories/Pods-DailyCalories.debug.xcconfig"; sourceTree = "<group>"; };
		8CB20D7EAD09579DAC7E23FF /* Pods_DailyCalories.framework */ = {isa = PBXFileReference; explicitFileType = wrapper.framework; includeInIndex = 0; path = Pods_DailyCalories.framework; sourceTree = BUILT_PRODUCTS_DIR; };
		A514DDAC2D10ABA9008260B0 /* CameraManager.swift */ = {isa = PBXFileReference; lastKnownFileType = sourcecode.swift; path = CameraManager.swift; sourceTree = "<group>"; };
		A51A7DBB2C98FD6B00D4CA19 /* testlabels.txt */ = {isa = PBXFileReference; lastKnownFileType = text; name = testlabels.txt; path = DailyCalories/testlabels.txt; sourceTree = "<group>"; };
		A55A9AF22A790B92001DD5EE /* CurrentViewController.swift */ = {isa = PBXFileReference; lastKnownFileType = sourcecode.swift; path = CurrentViewController.swift; sourceTree = "<group>"; };
		A55A9AF42A7C6D12001DD5EE /* SelectMealTableViewController.swift */ = {isa = PBXFileReference; lastKnownFileType = sourcecode.swift; path = SelectMealTableViewController.swift; sourceTree = "<group>"; };
		A55A9AF62A7CE016001DD5EE /* FoodList.plist */ = {isa = PBXFileReference; lastKnownFileType = text.plist.xml; path = FoodList.plist; sourceTree = "<group>"; };
		A55A9AF82A7CE23E001DD5EE /* Food.swift */ = {isa = PBXFileReference; lastKnownFileType = sourcecode.swift; path = Food.swift; sourceTree = "<group>"; };
		A57D552A2C8BECF3007063F7 /* AddMeal.swift */ = {isa = PBXFileReference; lastKnownFileType = sourcecode.swift; path = AddMeal.swift; sourceTree = "<group>"; };
		A57D552C2C8D9B7E007063F7 /* ViewResultController.swift */ = {isa = PBXFileReference; lastKnownFileType = sourcecode.swift; path = ViewResultController.swift; sourceTree = "<group>"; };
		A57D55342C8FD2D5007063F7 /* example_model.tflite */ = {isa = PBXFileReference; lastKnownFileType = file; name = example_model.tflite; path = DailyCalories/example_model.tflite; sourceTree = "<group>"; };
		A587BFF12AA1680E0004BE2C /* PrevCalories.xcdatamodel */ = {isa = PBXFileReference; lastKnownFileType = wrapper.xcdatamodel; path = PrevCalories.xcdatamodel; sourceTree = "<group>"; };
		A587BFF32AA16BC60004BE2C /* PrevCalories.swift */ = {isa = PBXFileReference; lastKnownFileType = sourcecode.swift; path = PrevCalories.swift; sourceTree = "<group>"; };
		A59FD4EF2A9D5FEA00B226B7 /* HistoryViewController.swift */ = {isa = PBXFileReference; lastKnownFileType = sourcecode.swift; path = HistoryViewController.swift; sourceTree = "<group>"; };
		A59FD4F32A9D619400B226B7 /* DateItem.swift */ = {isa = PBXFileReference; lastKnownFileType = sourcecode.swift; path = DateItem.swift; sourceTree = "<group>"; };
		A5B892D52A787065002A959E /* DailyCalories.app */ = {isa = PBXFileReference; explicitFileType = wrapper.application; includeInIndex = 0; path = DailyCalories.app; sourceTree = BUILT_PRODUCTS_DIR; };
		A5B892D82A787065002A959E /* AppDelegate.swift */ = {isa = PBXFileReference; lastKnownFileType = sourcecode.swift; path = AppDelegate.swift; sourceTree = "<group>"; };
		A5B892DA2A787065002A959E /* SceneDelegate.swift */ = {isa = PBXFileReference; lastKnownFileType = sourcecode.swift; path = SceneDelegate.swift; sourceTree = "<group>"; };
		A5B892DF2A787065002A959E /* Base */ = {isa = PBXFileReference; lastKnownFileType = file.storyboard; name = Base; path = Base.lproj/Main.storyboard; sourceTree = "<group>"; };
		A5B892E12A787066002A959E /* Assets.xcassets */ = {isa = PBXFileReference; lastKnownFileType = folder.assetcatalog; path = Assets.xcassets; sourceTree = "<group>"; };
		A5B892E42A787066002A959E /* Base */ = {isa = PBXFileReference; lastKnownFileType = file.storyboard; name = Base; path = Base.lproj/LaunchScreen.storyboard; sourceTree = "<group>"; };
		A5B892E62A787066002A959E /* Info.plist */ = {isa = PBXFileReference; lastKnownFileType = text.plist.xml; path = Info.plist; sourceTree = "<group>"; };
/* End PBXFileReference section */

/* Begin PBXFrameworksBuildPhase section */
		A5B892D22A787065002A959E /* Frameworks */ = {
			isa = PBXFrameworksBuildPhase;
			buildActionMask = 2147483647;
			files = (
				11A25676D6227243C2810AD3 /* Pods_DailyCalories.framework in Frameworks */,
			);
			runOnlyForDeploymentPostprocessing = 0;
		};
/* End PBXFrameworksBuildPhase section */

/* Begin PBXGroup section */
		A5B892CC2A787065002A959E = {
			isa = PBXGroup;
			children = (
				A51A7DBB2C98FD6B00D4CA19 /* testlabels.txt */,
				A57D55342C8FD2D5007063F7 /* example_model.tflite */,
				A55A9AF62A7CE016001DD5EE /* FoodList.plist */,
				A5B892D72A787065002A959E /* DailyCalories */,
				A5B892D62A787065002A959E /* Products */,
				FA114606823522D81ED712B4 /* Pods */,
				E911F3A289882ED5C0CF3625 /* Frameworks */,
			);
			sourceTree = "<group>";
		};
		A5B892D62A787065002A959E /* Products */ = {
			isa = PBXGroup;
			children = (
				A5B892D52A787065002A959E /* DailyCalories.app */,
			);
			name = Products;
			sourceTree = "<group>";
		};
		A5B892D72A787065002A959E /* DailyCalories */ = {
			isa = PBXGroup;
			children = (
				A5C8E0492A9029830065726A /* Data */,
				A5B892D82A787065002A959E /* AppDelegate.swift */,
				A5B892DA2A787065002A959E /* SceneDelegate.swift */,
				A5B892DE2A787065002A959E /* Main.storyboard */,
				A5B892E12A787066002A959E /* Assets.xcassets */,
				A5B892E32A787066002A959E /* LaunchScreen.storyboard */,
				A5B892E62A787066002A959E /* Info.plist */,
				A55A9AF22A790B92001DD5EE /* CurrentViewController.swift */,
				A55A9AF42A7C6D12001DD5EE /* SelectMealTableViewController.swift */,
				A55A9AF82A7CE23E001DD5EE /* Food.swift */,
				A59FD4EF2A9D5FEA00B226B7 /* HistoryViewController.swift */,
				A59FD4F32A9D619400B226B7 /* DateItem.swift */,
				A587BFF02AA1680E0004BE2C /* PrevCalories.xcdatamodeld */,
				A587BFF32AA16BC60004BE2C /* PrevCalories.swift */,
				A57D552A2C8BECF3007063F7 /* AddMeal.swift */,
				A57D552C2C8D9B7E007063F7 /* ViewResultController.swift */,
				A514DDAC2D10ABA9008260B0 /* CameraManager.swift */,
			);
			path = DailyCalories;
			sourceTree = "<group>";
		};
		A5C8E0492A9029830065726A /* Data */ = {
			isa = PBXGroup;
			children = (
			);
			path = Data;
			sourceTree = "<group>";
		};
		E911F3A289882ED5C0CF3625 /* Frameworks */ = {
			isa = PBXGroup;
			children = (
				8CB20D7EAD09579DAC7E23FF /* Pods_DailyCalories.framework */,
			);
			name = Frameworks;
			sourceTree = "<group>";
		};
		FA114606823522D81ED712B4 /* Pods */ = {
			isa = PBXGroup;
			children = (
				3FED41EB7A6CE01DD61569F8 /* Pods-DailyCalories.debug.xcconfig */,
				05AF9A016FD4D24AA03D4A81 /* Pods-DailyCalories.release.xcconfig */,
			);
			path = Pods;
			sourceTree = "<group>";
		};
/* End PBXGroup section */

/* Begin PBXNativeTarget section */
		A5B892D42A787065002A959E /* DailyCalories */ = {
			isa = PBXNativeTarget;
			buildConfigurationList = A5B892E92A787066002A959E /* Build configuration list for PBXNativeTarget "DailyCalories" */;
			buildPhases = (
				9D256A01B981259A1A31BFA8 /* [CP] Check Pods Manifest.lock */,
				A5B892D12A787065002A959E /* Sources */,
				A5B892D22A787065002A959E /* Frameworks */,
				A5B892D32A787065002A959E /* Resources */,
				39773BD347204F83A0C89CFD /* [CP] Copy Pods Resources */,
			);
			buildRules = (
			);
			dependencies = (
			);
			name = DailyCalories;
			productName = DailyCalories;
			productReference = A5B892D52A787065002A959E /* DailyCalories.app */;
			productType = "com.apple.product-type.application";
		};
/* End PBXNativeTarget section */

/* Begin PBXProject section */
		A5B892CD2A787065002A959E /* Project object */ = {
			isa = PBXProject;
			attributes = {
				BuildIndependentTargetsInParallel = 1;
				LastSwiftUpdateCheck = 1430;
				LastUpgradeCheck = 1430;
				TargetAttributes = {
					A5B892D42A787065002A959E = {
						CreatedOnToolsVersion = 14.3.1;
						LastSwiftMigration = 1540;
					};
				};
			};
			buildConfigurationList = A5B892D02A787065002A959E /* Build configuration list for PBXProject "DailyCalories" */;
			compatibilityVersion = "Xcode 14.0";
			developmentRegion = en;
			hasScannedForEncodings = 0;
			knownRegions = (
				en,
				Base,
			);
			mainGroup = A5B892CC2A787065002A959E;
			productRefGroup = A5B892D62A787065002A959E /* Products */;
			projectDirPath = "";
			projectRoot = "";
			targets = (
				A5B892D42A787065002A959E /* DailyCalories */,
			);
		};
/* End PBXProject section */

/* Begin PBXResourcesBuildPhase section */
		A5B892D32A787065002A959E /* Resources */ = {
			isa = PBXResourcesBuildPhase;
			buildActionMask = 2147483647;
			files = (
				A51A7DBC2C98FD6B00D4CA19 /* testlabels.txt in Resources */,
				A57D55352C8FD2D6007063F7 /* example_model.tflite in Resources */,
				A55A9AF72A7CE016001DD5EE /* FoodList.plist in Resources */,
				A5B892E52A787066002A959E /* LaunchScreen.storyboard in Resources */,
				A5B892E22A787066002A959E /* Assets.xcassets in Resources */,
				A5B892E02A787065002A959E /* Main.storyboard in Resources */,
			);
			runOnlyForDeploymentPostprocessing = 0;
		};
/* End PBXResourcesBuildPhase section */

/* Begin PBXShellScriptBuildPhase section */
		39773BD347204F83A0C89CFD /* [CP] Copy Pods Resources */ = {
			isa = PBXShellScriptBuildPhase;
			buildActionMask = 2147483647;
			files = (
			);
			inputFileListPaths = (
				"${PODS_ROOT}/Target Support Files/Pods-DailyCalories/Pods-DailyCalories-resources-${CONFIGURATION}-input-files.xcfilelist",
			);
			name = "[CP] Copy Pods Resources";
			outputFileListPaths = (
				"${PODS_ROOT}/Target Support Files/Pods-DailyCalories/Pods-DailyCalories-resources-${CONFIGURATION}-output-files.xcfilelist",
			);
			runOnlyForDeploymentPostprocessing = 0;
			shellPath = /bin/sh;
			shellScript = "\"${PODS_ROOT}/Target Support Files/Pods-DailyCalories/Pods-DailyCalories-resources.sh\"\n";
			showEnvVarsInLog = 0;
		};
		9D256A01B981259A1A31BFA8 /* [CP] Check Pods Manifest.lock */ = {
			isa = PBXShellScriptBuildPhase;
			buildActionMask = 2147483647;
			files = (
			);
			inputFileListPaths = (
			);
			inputPaths = (
				"${PODS_PODFILE_DIR_PATH}/Podfile.lock",
				"${PODS_ROOT}/Manifest.lock",
			);
			name = "[CP] Check Pods Manifest.lock";
			outputFileListPaths = (
			);
			outputPaths = (
				"$(DERIVED_FILE_DIR)/Pods-DailyCalories-checkManifestLockResult.txt",
			);
			runOnlyForDeploymentPostprocessing = 0;
			shellPath = /bin/sh;
			shellScript = "diff \"${PODS_PODFILE_DIR_PATH}/Podfile.lock\" \"${PODS_ROOT}/Manifest.lock\" > /dev/null\nif [ $? != 0 ] ; then\n    # print error to STDERR\n    echo \"error: The sandbox is not in sync with the Podfile.lock. Run 'pod install' or update your CocoaPods installation.\" >&2\n    exit 1\nfi\n# This output is used by Xcode 'outputs' to avoid re-running this script phase.\necho \"SUCCESS\" > \"${SCRIPT_OUTPUT_FILE_0}\"\n";
			showEnvVarsInLog = 0;
		};
/* End PBXShellScriptBuildPhase section */

/* Begin PBXSourcesBuildPhase section */
		A5B892D12A787065002A959E /* Sources */ = {
			isa = PBXSourcesBuildPhase;
			buildActionMask = 2147483647;
			files = (
				A587BFF22AA1680E0004BE2C /* PrevCalories.xcdatamodeld in Sources */,
				A55A9AF52A7C6D12001DD5EE /* SelectMealTableViewController.swift in Sources */,
				A5B892D92A787065002A959E /* AppDelegate.swift in Sources */,
				A55A9AF92A7CE23E001DD5EE /* Food.swift in Sources */,
				A55A9AF32A790B92001DD5EE /* CurrentViewController.swift in Sources */,
				A59FD4F02A9D5FEA00B226B7 /* HistoryViewController.swift in Sources */,
				A514DDAD2D10ABA9008260B0 /* CameraManager.swift in Sources */,
				A57D552D2C8D9B7E007063F7 /* ViewResultController.swift in Sources */,
				A57D552B2C8BECF3007063F7 /* AddMeal.swift in Sources */,
				A59FD4F42A9D619400B226B7 /* DateItem.swift in Sources */,
				A5B892DB2A787065002A959E /* SceneDelegate.swift in Sources */,
				A587BFF42AA16BC60004BE2C /* PrevCalories.swift in Sources */,
			);
			runOnlyForDeploymentPostprocessing = 0;
		};
/* End PBXSourcesBuildPhase section */

/* Begin PBXVariantGroup section */
		A5B892DE2A787065002A959E /* Main.storyboard */ = {
			isa = PBXVariantGroup;
			children = (
				A5B892DF2A787065002A959E /* Base */,
			);
			name = Main.storyboard;
			sourceTree = "<group>";
		};
		A5B892E32A787066002A959E /* LaunchScreen.storyboard */ = {
			isa = PBXVariantGroup;
			children = (
				A5B892E42A787066002A959E /* Base */,
			);
			name = LaunchScreen.storyboard;
			sourceTree = "<group>";
		};
/* End PBXVariantGroup section */

/* Begin XCBuildConfiguration section */
		A5B892E72A787066002A959E /* Debug */ = {
			isa = XCBuildConfiguration;
			buildSettings = {
				ALWAYS_SEARCH_USER_PATHS = NO;
				CLANG_ANALYZER_NONNULL = YES;
				CLANG_ANALYZER_NUMBER_OBJECT_CONVERSION = YES_AGGRESSIVE;
				CLANG_CXX_LANGUAGE_STANDARD = "gnu++20";
				CLANG_ENABLE_MODULES = YES;
				CLANG_ENABLE_OBJC_ARC = YES;
				CLANG_ENABLE_OBJC_WEAK = YES;
				CLANG_WARN_BLOCK_CAPTURE_AUTORELEASING = YES;
				CLANG_WARN_BOOL_CONVERSION = YES;
				CLANG_WARN_COMMA = YES;
				CLANG_WARN_CONSTANT_CONVERSION = YES;
				CLANG_WARN_DEPRECATED_OBJC_IMPLEMENTATIONS = YES;
				CLANG_WARN_DIRECT_OBJC_ISA_USAGE = YES_ERROR;
				CLANG_WARN_DOCUMENTATION_COMMENTS = YES;
				CLANG_WARN_EMPTY_BODY = YES;
				CLANG_WARN_ENUM_CONVERSION = YES;
				CLANG_WARN_INFINITE_RECURSION = YES;
				CLANG_WARN_INT_CONVERSION = YES;
				CLANG_WARN_NON_LITERAL_NULL_CONVERSION = YES;
				CLANG_WARN_OBJC_IMPLICIT_RETAIN_SELF = YES;
				CLANG_WARN_OBJC_LITERAL_CONVERSION = YES;
				CLANG_WARN_OBJC_ROOT_CLASS = YES_ERROR;
				CLANG_WARN_QUOTED_INCLUDE_IN_FRAMEWORK_HEADER = YES;
				CLANG_WARN_RANGE_LOOP_ANALYSIS = YES;
				CLANG_WARN_STRICT_PROTOTYPES = YES;
				CLANG_WARN_SUSPICIOUS_MOVE = YES;
				CLANG_WARN_UNGUARDED_AVAILABILITY = YES_AGGRESSIVE;
				CLANG_WARN_UNREACHABLE_CODE = YES;
				CLANG_WARN__DUPLICATE_METHOD_MATCH = YES;
				COPY_PHASE_STRIP = NO;
				DEBUG_INFORMATION_FORMAT = dwarf;
				ENABLE_STRICT_OBJC_MSGSEND = YES;
				ENABLE_TESTABILITY = YES;
				GCC_C_LANGUAGE_STANDARD = gnu11;
				GCC_DYNAMIC_NO_PIC = NO;
				GCC_NO_COMMON_BLOCKS = YES;
				GCC_OPTIMIZATION_LEVEL = 0;
				GCC_PREPROCESSOR_DEFINITIONS = (
					"DEBUG=1",
					"$(inherited)",
				);
				GCC_WARN_64_TO_32_BIT_CONVERSION = YES;
				GCC_WARN_ABOUT_RETURN_TYPE = YES_ERROR;
				GCC_WARN_UNDECLARED_SELECTOR = YES;
				GCC_WARN_UNINITIALIZED_AUTOS = YES_AGGRESSIVE;
				GCC_WARN_UNUSED_FUNCTION = YES;
				GCC_WARN_UNUSED_VARIABLE = YES;
				IPHONEOS_DEPLOYMENT_TARGET = 17.0;
				MTL_ENABLE_DEBUG_INFO = INCLUDE_SOURCE;
				MTL_FAST_MATH = YES;
				ONLY_ACTIVE_ARCH = YES;
				SDKROOT = iphoneos;
				SWIFT_ACTIVE_COMPILATION_CONDITIONS = DEBUG;
				SWIFT_OPTIMIZATION_LEVEL = "-Onone";
			};
			name = Debug;
		};
		A5B892E82A787066002A959E /* Release */ = {
			isa = XCBuildConfiguration;
			buildSettings = {
				ALWAYS_SEARCH_USER_PATHS = NO;
				CLANG_ANALYZER_NONNULL = YES;
				CLANG_ANALYZER_NUMBER_OBJECT_CONVERSION = YES_AGGRESSIVE;
				CLANG_CXX_LANGUAGE_STANDARD = "gnu++20";
				CLANG_ENABLE_MODULES = YES;
				CLANG_ENABLE_OBJC_ARC = YES;
				CLANG_ENABLE_OBJC_WEAK = YES;
				CLANG_WARN_BLOCK_CAPTURE_AUTORELEASING = YES;
				CLANG_WARN_BOOL_CONVERSION = YES;
				CLANG_WARN_COMMA = YES;
				CLANG_WARN_CONSTANT_CONVERSION = YES;
				CLANG_WARN_DEPRECATED_OBJC_IMPLEMENTATIONS = YES;
				CLANG_WARN_DIRECT_OBJC_ISA_USAGE = YES_ERROR;
				CLANG_WARN_DOCUMENTATION_COMMENTS = YES;
				CLANG_WARN_EMPTY_BODY = YES;
				CLANG_WARN_ENUM_CONVERSION = YES;
				CLANG_WARN_INFINITE_RECURSION = YES;
				CLANG_WARN_INT_CONVERSION = YES;
				CLANG_WARN_NON_LITERAL_NULL_CONVERSION = YES;
				CLANG_WARN_OBJC_IMPLICIT_RETAIN_SELF = YES;
				CLANG_WARN_OBJC_LITERAL_CONVERSION = YES;
				CLANG_WARN_OBJC_ROOT_CLASS = YES_ERROR;
				CLANG_WARN_QUOTED_INCLUDE_IN_FRAMEWORK_HEADER = YES;
				CLANG_WARN_RANGE_LOOP_ANALYSIS = YES;
				CLANG_WARN_STRICT_PROTOTYPES = YES;
				CLANG_WARN_SUSPICIOUS_MOVE = YES;
				CLANG_WARN_UNGUARDED_AVAILABILITY = YES_AGGRESSIVE;
				CLANG_WARN_UNREACHABLE_CODE = YES;
				CLANG_WARN__DUPLICATE_METHOD_MATCH = YES;
				COPY_PHASE_STRIP = NO;
				DEBUG_INFORMATION_FORMAT = "dwarf-with-dsym";
				ENABLE_NS_ASSERTIONS = NO;
				ENABLE_STRICT_OBJC_MSGSEND = YES;
				GCC_C_LANGUAGE_STANDARD = gnu11;
				GCC_NO_COMMON_BLOCKS = YES;
				GCC_WARN_64_TO_32_BIT_CONVERSION = YES;
				GCC_WARN_ABOUT_RETURN_TYPE = YES_ERROR;
				GCC_WARN_UNDECLARED_SELECTOR = YES;
				GCC_WARN_UNINITIALIZED_AUTOS = YES_AGGRESSIVE;
				GCC_WARN_UNUSED_FUNCTION = YES;
				GCC_WARN_UNUSED_VARIABLE = YES;
				IPHONEOS_DEPLOYMENT_TARGET = 17.0;
				MTL_ENABLE_DEBUG_INFO = NO;
				MTL_FAST_MATH = YES;
				SDKROOT = iphoneos;
				SWIFT_COMPILATION_MODE = wholemodule;
				SWIFT_OPTIMIZATION_LEVEL = "-O";
				VALIDATE_PRODUCT = YES;
			};
			name = Release;
		};
		A5B892EA2A787066002A959E /* Debug */ = {
			isa = XCBuildConfiguration;
			baseConfigurationReference = 3FED41EB7A6CE01DD61569F8 /* Pods-DailyCalories.debug.xcconfig */;
			buildSettings = {
				ASSETCATALOG_COMPILER_APPICON_NAME = AppIcon;
				ASSETCATALOG_COMPILER_GLOBAL_ACCENT_COLOR_NAME = AccentColor;
				CLANG_ENABLE_MODULES = YES;
				CODE_SIGN_STYLE = Automatic;
				CURRENT_PROJECT_VERSION = 1;
				DEVELOPMENT_TEAM = 6YYCYG5835;
				GENERATE_INFOPLIST_FILE = YES;
				INFOPLIST_FILE = DailyCalories/Info.plist;
				INFOPLIST_KEY_NSCameraUsageDescription = test;
				INFOPLIST_KEY_UIApplicationSupportsIndirectInputEvents = YES;
				INFOPLIST_KEY_UILaunchStoryboardName = LaunchScreen;
				INFOPLIST_KEY_UIMainStoryboardFile = Main;
				INFOPLIST_KEY_UISupportedInterfaceOrientations_iPad = "UIInterfaceOrientationPortrait UIInterfaceOrientationPortraitUpsideDown UIInterfaceOrientationLandscapeLeft UIInterfaceOrientationLandscapeRight";
				INFOPLIST_KEY_UISupportedInterfaceOrientations_iPhone = UIInterfaceOrientationPortrait;
				LD_RUNPATH_SEARCH_PATHS = (
					"$(inherited)",
					"@executable_path/Frameworks",
				);
				MARKETING_VERSION = 1.0;
				PRODUCT_BUNDLE_IDENTIFIER = com.myname.DailyCalories;
				PRODUCT_NAME = "$(TARGET_NAME)";
				SWIFT_EMIT_LOC_STRINGS = YES;
				SWIFT_OBJC_BRIDGING_HEADER = "DailyCalories/DailyCalories-Bridging-Header.h";
				SWIFT_OPTIMIZATION_LEVEL = "-Onone";
				SWIFT_VERSION = 5.0;
				TARGETED_DEVICE_FAMILY = "1,2";
			};
			name = Debug;
		};
		A5B892EB2A787066002A959E /* Release */ = {
			isa = XCBuildConfiguration;
			baseConfigurationReference = 05AF9A016FD4D24AA03D4A81 /* Pods-DailyCalories.release.xcconfig */;
			buildSettings = {
				ASSETCATALOG_COMPILER_APPICON_NAME = AppIcon;
				ASSETCATALOG_COMPILER_GLOBAL_ACCENT_COLOR_NAME = AccentColor;
				CLANG_ENABLE_MODULES = YES;
				CODE_SIGN_STYLE = Automatic;
				CURRENT_PROJECT_VERSION = 1;
				DEVELOPMENT_TEAM = 6YYCYG5835;
				GENERATE_INFOPLIST_FILE = YES;
				INFOPLIST_FILE = DailyCalories/Info.plist;
				INFOPLIST_KEY_NSCameraUsageDescription = test;
				INFOPLIST_KEY_UIApplicationSupportsIndirectInputEvents = YES;
				INFOPLIST_KEY_UILaunchStoryboardName = LaunchScreen;
				INFOPLIST_KEY_UIMainStoryboardFile = Main;
				INFOPLIST_KEY_UISupportedInterfaceOrientations_iPad = "UIInterfaceOrientationPortrait UIInterfaceOrientationPortraitUpsideDown UIInterfaceOrientationLandscapeLeft UIInterfaceOrientationLandscapeRight";
				INFOPLIST_KEY_UISupportedInterfaceOrientations_iPhone = UIInterfaceOrientationPortrait;
				LD_RUNPATH_SEARCH_PATHS = (
					"$(inherited)",
					"@executable_path/Frameworks",
				);
				MARKETING_VERSION = 1.0;
				PRODUCT_BUNDLE_IDENTIFIER = com.myname.DailyCalories;
				PRODUCT_NAME = "$(TARGET_NAME)";
				SWIFT_EMIT_LOC_STRINGS = YES;
				SWIFT_OBJC_BRIDGING_HEADER = "DailyCalories/DailyCalories-Bridging-Header.h";
				SWIFT_VERSION = 5.0;
				TARGETED_DEVICE_FAMILY = "1,2";
			};
			name = Release;
		};
/* End XCBuildConfiguration section */

/* Begin XCConfigurationList section */
		A5B892D02A787065002A959E /* Build configuration list for PBXProject "DailyCalories" */ = {
			isa = XCConfigurationList;
			buildConfigurations = (
				A5B892E72A787066002A959E /* Debug */,
				A5B892E82A787066002A959E /* Release */,
			);
			defaultConfigurationIsVisible = 0;
			defaultConfigurationName = Release;
		};
		A5B892E92A787066002A959E /* Build configuration list for PBXNativeTarget "DailyCalories" */ = {
			isa = XCConfigurationList;
			buildConfigurations = (
				A5B892EA2A787066002A959E /* Debug */,
				A5B892EB2A787066002A959E /* Release */,
			);
			defaultConfigurationIsVisible = 0;
			defaultConfigurationName = Release;
		};
/* End XCConfigurationList section */

/* Begin XCVersionGroup section */
		A587BFF02AA1680E0004BE2C /* PrevCalories.xcdatamodeld */ = {
			isa = XCVersionGroup;
			children = (
				A587BFF12AA1680E0004BE2C /* PrevCalories.xcdatamodel */,
			);
			currentVersion = A587BFF12AA1680E0004BE2C /* PrevCalories.xcdatamodel */;
			path = PrevCalories.xcdatamodeld;
			sourceTree = "<group>";
			versionGroupType = wrapper.xcdatamodel;
		};
/* End XCVersionGroup section */
	};
	rootObject = A5B892CD2A787065002A959E /* Project object */;
}
