// !$*UTF8*$!
{
	archiveVersion = 1;
	classes = {
	};
	objectVersion = 56;
	objects = {

/* Begin PBXBuildFile section */
		A55A9AF32A790B92001DD5EE /* CurrentViewController.swift in Sources */ = {isa = PBXBuildFile; fileRef = A55A9AF22A790B92001DD5EE /* CurrentViewController.swift */; };
		A55A9AF52A7C6D12001DD5EE /* SelectMealTableViewController.swift in Sources */ = {isa = PBXBuildFile; fileRef = A55A9AF42A7C6D12001DD5EE /* SelectMealTableViewController.swift */; };
		A55A9AF72A7CE016001DD5EE /* FoodList.plist in Resources */ = {isa = PBXBuildFile; fileRef = A55A9AF62A7CE016001DD5EE /* FoodList.plist */; };
		A55A9AF92A7CE23E001DD5EE /* Food.swift in Sources */ = {isa = PBXBuildFile; fileRef = A55A9AF82A7CE23E001DD5EE /* Food.swift */; };
		A5B892D92A787065002A959E /* AppDelegate.swift in Sources */ = {isa = PBXBuildFile; fileRef = A5B892D82A787065002A959E /* AppDelegate.swift */; };
		A5B892DB2A787065002A959E /* SceneDelegate.swift in Sources */ = {isa = PBXBuildFile; fileRef = A5B892DA2A787065002A959E /* SceneDelegate.swift */; };
		A5B892E02A787065002A959E /* Main.storyboard in Resources */ = {isa = PBXBuildFile; fileRef = A5B892DE2A787065002A959E /* Main.storyboard */; };
		A5B892E22A787066002A959E /* Assets.xcassets in Resources */ = {isa = PBXBuildFile; fileRef = A5B892E12A787066002A959E /* Assets.xcassets */; };
		A5B892E52A787066002A959E /* LaunchScreen.storyboard in Resources */ = {isa = PBXBuildFile; fileRef = A5B892E32A787066002A959E /* LaunchScreen.storyboard */; };
		A5C8E04C2A9029A90065726A /* DailyCaloriesModel.xcdatamodeld in Sources */ = {isa = PBXBuildFile; fileRef = A5C8E04A2A9029A90065726A /* DailyCaloriesModel.xcdatamodeld */; };
		A5C8E04E2A902B610065726A /* CoreDataManager.swift in Sources */ = {isa = PBXBuildFile; fileRef = A5C8E04D2A902B610065726A /* CoreDataManager.swift */; };
		A5C8E0542A90505A0065726A /* TotalDailyCalories.swift in Sources */ = {isa = PBXBuildFile; fileRef = A5C8E0532A90505A0065726A /* TotalDailyCalories.swift */; };
/* End PBXBuildFile section */

/* Begin PBXFileReference section */
		A55A9AF22A790B92001DD5EE /* CurrentViewController.swift */ = {isa = PBXFileReference; lastKnownFileType = sourcecode.swift; path = CurrentViewController.swift; sourceTree = "<group>"; };
		A55A9AF42A7C6D12001DD5EE /* SelectMealTableViewController.swift */ = {isa = PBXFileReference; lastKnownFileType = sourcecode.swift; path = SelectMealTableViewController.swift; sourceTree = "<group>"; };
		A55A9AF62A7CE016001DD5EE /* FoodList.plist */ = {isa = PBXFileReference; lastKnownFileType = text.plist.xml; path = FoodList.plist; sourceTree = "<group>"; };
		A55A9AF82A7CE23E001DD5EE /* Food.swift */ = {isa = PBXFileReference; lastKnownFileType = sourcecode.swift; path = Food.swift; sourceTree = "<group>"; };
		A5B892D52A787065002A959E /* DailyCalories.app */ = {isa = PBXFileReference; explicitFileType = wrapper.application; includeInIndex = 0; path = DailyCalories.app; sourceTree = BUILT_PRODUCTS_DIR; };
		A5B892D82A787065002A959E /* AppDelegate.swift */ = {isa = PBXFileReference; lastKnownFileType = sourcecode.swift; path = AppDelegate.swift; sourceTree = "<group>"; };
		A5B892DA2A787065002A959E /* SceneDelegate.swift */ = {isa = PBXFileReference; lastKnownFileType = sourcecode.swift; path = SceneDelegate.swift; sourceTree = "<group>"; };
		A5B892DF2A787065002A959E /* Base */ = {isa = PBXFileReference; lastKnownFileType = file.storyboard; name = Base; path = Base.lproj/Main.storyboard; sourceTree = "<group>"; };
		A5B892E12A787066002A959E /* Assets.xcassets */ = {isa = PBXFileReference; lastKnownFileType = folder.assetcatalog; path = Assets.xcassets; sourceTree = "<group>"; };
		A5B892E42A787066002A959E /* Base */ = {isa = PBXFileReference; lastKnownFileType = file.storyboard; name = Base; path = Base.lproj/LaunchScreen.storyboard; sourceTree = "<group>"; };
		A5B892E62A787066002A959E /* Info.plist */ = {isa = PBXFileReference; lastKnownFileType = text.plist.xml; path = Info.plist; sourceTree = "<group>"; };
		A5C8E04B2A9029A90065726A /* DailyCaloriesModel.xcdatamodel */ = {isa = PBXFileReference; lastKnownFileType = wrapper.xcdatamodel; path = DailyCaloriesModel.xcdatamodel; sourceTree = "<group>"; };
		A5C8E04D2A902B610065726A /* CoreDataManager.swift */ = {isa = PBXFileReference; lastKnownFileType = sourcecode.swift; path = CoreDataManager.swift; sourceTree = "<group>"; };
		A5C8E0532A90505A0065726A /* TotalDailyCalories.swift */ = {isa = PBXFileReference; lastKnownFileType = sourcecode.swift; path = TotalDailyCalories.swift; sourceTree = "<group>"; };
/* End PBXFileReference section */

/* Begin PBXFrameworksBuildPhase section */
		A5B892D22A787065002A959E /* Frameworks */ = {
			isa = PBXFrameworksBuildPhase;
			buildActionMask = 2147483647;
			files = (
			);
			runOnlyForDeploymentPostprocessing = 0;
		};
/* End PBXFrameworksBuildPhase section */

/* Begin PBXGroup section */
		A5B892CC2A787065002A959E = {
			isa = PBXGroup;
			children = (
				A55A9AF62A7CE016001DD5EE /* FoodList.plist */,
				A5B892D72A787065002A959E /* DailyCalories */,
				A5B892D62A787065002A959E /* Products */,
			);
			sourceTree = "<group>";
		};
		A5B892D62A787065002A959E /* Products */ = {
			isa = PBXGroup;
			children = (
				A5B892D52A787065002A959E /* DailyCalories.app */,
			);
			name = Products;
			sourceTree = "<group>";
		};
		A5B892D72A787065002A959E /* DailyCalories */ = {
			isa = PBXGroup;
			children = (
				A5C8E0492A9029830065726A /* Data */,
				A5B892D82A787065002A959E /* AppDelegate.swift */,
				A5B892DA2A787065002A959E /* SceneDelegate.swift */,
				A5B892DE2A787065002A959E /* Main.storyboard */,
				A5B892E12A787066002A959E /* Assets.xcassets */,
				A5B892E32A787066002A959E /* LaunchScreen.storyboard */,
				A5B892E62A787066002A959E /* Info.plist */,
				A55A9AF22A790B92001DD5EE /* CurrentViewController.swift */,
				A55A9AF42A7C6D12001DD5EE /* SelectMealTableViewController.swift */,
				A55A9AF82A7CE23E001DD5EE /* Food.swift */,
			);
			path = DailyCalories;
			sourceTree = "<group>";
		};
		A5C8E0492A9029830065726A /* Data */ = {
			isa = PBXGroup;
			children = (
				A5C8E04A2A9029A90065726A /* DailyCaloriesModel.xcdatamodeld */,
				A5C8E04D2A902B610065726A /* CoreDataManager.swift */,
				A5C8E0532A90505A0065726A /* TotalDailyCalories.swift */,
			);
			path = Data;
			sourceTree = "<group>";
		};
/* End PBXGroup section */

/* Begin PBXNativeTarget section */
		A5B892D42A787065002A959E /* DailyCalories */ = {
			isa = PBXNativeTarget;
			buildConfigurationList = A5B892E92A787066002A959E /* Build configuration list for PBXNativeTarget "DailyCalories" */;
			buildPhases = (
				A5B892D12A787065002A959E /* Sources */,
				A5B892D22A787065002A959E /* Frameworks */,
				A5B892D32A787065002A959E /* Resources */,
			);
			buildRules = (
			);
			dependencies = (
			);
			name = DailyCalories;
			productName = DailyCalories;
			productReference = A5B892D52A787065002A959E /* DailyCalories.app */;
			productType = "com.apple.product-type.application";
		};
/* End PBXNativeTarget section */

/* Begin PBXProject section */
		A5B892CD2A787065002A959E /* Project object */ = {
			isa = PBXProject;
			attributes = {
				BuildIndependentTargetsInParallel = 1;
				LastSwiftUpdateCheck = 1430;
				LastUpgradeCheck = 1430;
				TargetAttributes = {
					A5B892D42A787065002A959E = {
						CreatedOnToolsVersion = 14.3.1;
					};
				};
			};
			buildConfigurationList = A5B892D02A787065002A959E /* Build configuration list for PBXProject "DailyCalories" */;
			compatibilityVersion = "Xcode 14.0";
			developmentRegion = en;
			hasScannedForEncodings = 0;
			knownRegions = (
				en,
				Base,
			);
			mainGroup = A5B892CC2A787065002A959E;
			productRefGroup = A5B892D62A787065002A959E /* Products */;
			projectDirPath = "";
			projectRoot = "";
			targets = (
				A5B892D42A787065002A959E /* DailyCalories */,
			);
		};
/* End PBXProject section */

/* Begin PBXResourcesBuildPhase section */
		A5B892D32A787065002A959E /* Resources */ = {
			isa = PBXResourcesBuildPhase;
			buildActionMask = 2147483647;
			files = (
				A55A9AF72A7CE016001DD5EE /* FoodList.plist in Resources */,
				A5B892E52A787066002A959E /* LaunchScreen.storyboard in Resources */,
				A5B892E22A787066002A959E /* Assets.xcassets in Resources */,
				A5B892E02A787065002A959E /* Main.storyboard in Resources */,
			);
			runOnlyForDeploymentPostprocessing = 0;
		};
/* End PBXResourcesBuildPhase section */

/* Begin PBXSourcesBuildPhase section */
		A5B892D12A787065002A959E /* Sources */ = {
			isa = PBXSourcesBuildPhase;
			buildActionMask = 2147483647;
			files = (
				A55A9AF52A7C6D12001DD5EE /* SelectMealTableViewController.swift in Sources */,
				A5B892D92A787065002A959E /* AppDelegate.swift in Sources */,
				A55A9AF92A7CE23E001DD5EE /* Food.swift in Sources */,
				A5C8E04C2A9029A90065726A /* DailyCaloriesModel.xcdatamodeld in Sources */,
				A5C8E0542A90505A0065726A /* TotalDailyCalories.swift in Sources */,
				A55A9AF32A790B92001DD5EE /* CurrentViewController.swift in Sources */,
				A5C8E04E2A902B610065726A /* CoreDataManager.swift in Sources */,
				A5B892DB2A787065002A959E /* SceneDelegate.swift in Sources */,
			);
			runOnlyForDeploymentPostprocessing = 0;
		};
/* End PBXSourcesBuildPhase section */

/* Begin PBXVariantGroup section */
		A5B892DE2A787065002A959E /* Main.storyboard */ = {
			isa = PBXVariantGroup;
			children = (
				A5B892DF2A787065002A959E /* Base */,
			);
			name = Main.storyboard;
			sourceTree = "<group>";
		};
		A5B892E32A787066002A959E /* LaunchScreen.storyboard */ = {
			isa = PBXVariantGroup;
			children = (
				A5B892E42A787066002A959E /* Base */,
			);
			name = LaunchScreen.storyboard;
			sourceTree = "<group>";
		};
/* End PBXVariantGroup section */

/* Begin XCBuildConfiguration section */
		A5B892E72A787066002A959E /* Debug */ = {
			isa = XCBuildConfiguration;
			buildSettings = {
				ALWAYS_SEARCH_USER_PATHS = NO;
				CLANG_ANALYZER_NONNULL = YES;
				CLANG_ANALYZER_NUMBER_OBJECT_CONVERSION = YES_AGGRESSIVE;
				CLANG_CXX_LANGUAGE_STANDARD = "gnu++20";
				CLANG_ENABLE_MODULES = YES;
				CLANG_ENABLE_OBJC_ARC = YES;
				CLANG_ENABLE_OBJC_WEAK = YES;
				CLANG_WARN_BLOCK_CAPTURE_AUTORELEASING = YES;
				CLANG_WARN_BOOL_CONVERSION = YES;
				CLANG_WARN_COMMA = YES;
				CLANG_WARN_CONSTANT_CONVERSION = YES;
				CLANG_WARN_DEPRECATED_OBJC_IMPLEMENTATIONS = YES;
				CLANG_WARN_DIRECT_OBJC_ISA_USAGE = YES_ERROR;
				CLANG_WARN_DOCUMENTATION_COMMENTS = YES;
				CLANG_WARN_EMPTY_BODY = YES;
				CLANG_WARN_ENUM_CONVERSION = YES;
				CLANG_WARN_INFINITE_RECURSION = YES;
				CLANG_WARN_INT_CONVERSION = YES;
				CLANG_WARN_NON_LITERAL_NULL_CONVERSION = YES;
				CLANG_WARN_OBJC_IMPLICIT_RETAIN_SELF = YES;
				CLANG_WARN_OBJC_LITERAL_CONVERSION = YES;
				CLANG_WARN_OBJC_ROOT_CLASS = YES_ERROR;
				CLANG_WARN_QUOTED_INCLUDE_IN_FRAMEWORK_HEADER = YES;
				CLANG_WARN_RANGE_LOOP_ANALYSIS = YES;
				CLANG_WARN_STRICT_PROTOTYPES = YES;
				CLANG_WARN_SUSPICIOUS_MOVE = YES;
				CLANG_WARN_UNGUARDED_AVAILABILITY = YES_AGGRESSIVE;
				CLANG_WARN_UNREACHABLE_CODE = YES;
				CLANG_WARN__DUPLICATE_METHOD_MATCH = YES;
				COPY_PHASE_STRIP = NO;
				DEBUG_INFORMATION_FORMAT = dwarf;
				ENABLE_STRICT_OBJC_MSGSEND = YES;
				ENABLE_TESTABILITY = YES;
				GCC_C_LANGUAGE_STANDARD = gnu11;
				GCC_DYNAMIC_NO_PIC = NO;
				GCC_NO_COMMON_BLOCKS = YES;
				GCC_OPTIMIZATION_LEVEL = 0;
				GCC_PREPROCESSOR_DEFINITIONS = (
					"DEBUG=1",
					"$(inherited)",
				);
				GCC_WARN_64_TO_32_BIT_CONVERSION = YES;
				GCC_WARN_ABOUT_RETURN_TYPE = YES_ERROR;
				GCC_WARN_UNDECLARED_SELECTOR = YES;
				GCC_WARN_UNINITIALIZED_AUTOS = YES_AGGRESSIVE;
				GCC_WARN_UNUSED_FUNCTION = YES;
				GCC_WARN_UNUSED_VARIABLE = YES;
				IPHONEOS_DEPLOYMENT_TARGET = 16.4;
				MTL_ENABLE_DEBUG_INFO = INCLUDE_SOURCE;
				MTL_FAST_MATH = YES;
				ONLY_ACTIVE_ARCH = YES;
				SDKROOT = iphoneos;
				SWIFT_ACTIVE_COMPILATION_CONDITIONS = DEBUG;
				SWIFT_OPTIMIZATION_LEVEL = "-Onone";
			};
			name = Debug;
		};
		A5B892E82A787066002A959E /* Release */ = {
			isa = XCBuildConfiguration;
			buildSettings = {
				ALWAYS_SEARCH_USER_PATHS = NO;
				CLANG_ANALYZER_NONNULL = YES;
				CLANG_ANALYZER_NUMBER_OBJECT_CONVERSION = YES_AGGRESSIVE;
				CLANG_CXX_LANGUAGE_STANDARD = "gnu++20";
				CLANG_ENABLE_MODULES = YES;
				CLANG_ENABLE_OBJC_ARC = YES;
				CLANG_ENABLE_OBJC_WEAK = YES;
				CLANG_WARN_BLOCK_CAPTURE_AUTORELEASING = YES;
				CLANG_WARN_BOOL_CONVERSION = YES;
				CLANG_WARN_COMMA = YES;
				CLANG_WARN_CONSTANT_CONVERSION = YES;
				CLANG_WARN_DEPRECATED_OBJC_IMPLEMENTATIONS = YES;
				CLANG_WARN_DIRECT_OBJC_ISA_USAGE = YES_ERROR;
				CLANG_WARN_DOCUMENTATION_COMMENTS = YES;
				CLANG_WARN_EMPTY_BODY = YES;
				CLANG_WARN_ENUM_CONVERSION = YES;
				CLANG_WARN_INFINITE_RECURSION = YES;
				CLANG_WARN_INT_CONVERSION = YES;
				CLANG_WARN_NON_LITERAL_NULL_CONVERSION = YES;
				CLANG_WARN_OBJC_IMPLICIT_RETAIN_SELF = YES;
				CLANG_WARN_OBJC_LITERAL_CONVERSION = YES;
				CLANG_WARN_OBJC_ROOT_CLASS = YES_ERROR;
				CLANG_WARN_QUOTED_INCLUDE_IN_FRAMEWORK_HEADER = YES;
				CLANG_WARN_RANGE_LOOP_ANALYSIS = YES;
				CLANG_WARN_STRICT_PROTOTYPES = YES;
				CLANG_WARN_SUSPICIOUS_MOVE = YES;
				CLANG_WARN_UNGUARDED_AVAILABILITY = YES_AGGRESSIVE;
				CLANG_WARN_UNREACHABLE_CODE = YES;
				CLANG_WARN__DUPLICATE_METHOD_MATCH = YES;
				COPY_PHASE_STRIP = NO;
				DEBUG_INFORMATION_FORMAT = "dwarf-with-dsym";
				ENABLE_NS_ASSERTIONS = NO;
				ENABLE_STRICT_OBJC_MSGSEND = YES;
				GCC_C_LANGUAGE_STANDARD = gnu11;
				GCC_NO_COMMON_BLOCKS = YES;
				GCC_WARN_64_TO_32_BIT_CONVERSION = YES;
				GCC_WARN_ABOUT_RETURN_TYPE = YES_ERROR;
				GCC_WARN_UNDECLARED_SELECTOR = YES;
				GCC_WARN_UNINITIALIZED_AUTOS = YES_AGGRESSIVE;
				GCC_WARN_UNUSED_FUNCTION = YES;
				GCC_WARN_UNUSED_VARIABLE = YES;
				IPHONEOS_DEPLOYMENT_TARGET = 16.4;
				MTL_ENABLE_DEBUG_INFO = NO;
				MTL_FAST_MATH = YES;
				SDKROOT = iphoneos;
				SWIFT_COMPILATION_MODE = wholemodule;
				SWIFT_OPTIMIZATION_LEVEL = "-O";
				VALIDATE_PRODUCT = YES;
			};
			name = Release;
		};
		A5B892EA2A787066002A959E /* Debug */ = {
			isa = XCBuildConfiguration;
			buildSettings = {
				ASSETCATALOG_COMPILER_APPICON_NAME = AppIcon;
				ASSETCATALOG_COMPILER_GLOBAL_ACCENT_COLOR_NAME = AccentColor;
				CODE_SIGN_STYLE = Automatic;
				CURRENT_PROJECT_VERSION = 1;
				GENERATE_INFOPLIST_FILE = YES;
				INFOPLIST_FILE = DailyCalories/Info.plist;
				INFOPLIST_KEY_UIApplicationSupportsIndirectInputEvents = YES;
				INFOPLIST_KEY_UILaunchStoryboardName = LaunchScreen;
				INFOPLIST_KEY_UIMainStoryboardFile = Main;
				INFOPLIST_KEY_UISupportedInterfaceOrientations_iPad = "UIInterfaceOrientationPortrait UIInterfaceOrientationPortraitUpsideDown UIInterfaceOrientationLandscapeLeft UIInterfaceOrientationLandscapeRight";
				INFOPLIST_KEY_UISupportedInterfaceOrientations_iPhone = "UIInterfaceOrientationPortrait UIInterfaceOrientationLandscapeLeft UIInterfaceOrientationLandscapeRight";
				LD_RUNPATH_SEARCH_PATHS = (
					"$(inherited)",
					"@executable_path/Frameworks",
				);
				MARKETING_VERSION = 1.0;
				PRODUCT_BUNDLE_IDENTIFIER = com.myname.DailyCalories;
				PRODUCT_NAME = "$(TARGET_NAME)";
				SWIFT_EMIT_LOC_STRINGS = YES;
				SWIFT_VERSION = 5.0;
				TARGETED_DEVICE_FAMILY = "1,2";
			};
			name = Debug;
		};
		A5B892EB2A787066002A959E /* Release */ = {
			isa = XCBuildConfiguration;
			buildSettings = {
				ASSETCATALOG_COMPILER_APPICON_NAME = AppIcon;
				ASSETCATALOG_COMPILER_GLOBAL_ACCENT_COLOR_NAME = AccentColor;
				CODE_SIGN_STYLE = Automatic;
				CURRENT_PROJECT_VERSION = 1;
				GENERATE_INFOPLIST_FILE = YES;
				INFOPLIST_FILE = DailyCalories/Info.plist;
				INFOPLIST_KEY_UIApplicationSupportsIndirectInputEvents = YES;
				INFOPLIST_KEY_UILaunchStoryboardName = LaunchScreen;
				INFOPLIST_KEY_UIMainStoryboardFile = Main;
				INFOPLIST_KEY_UISupportedInterfaceOrientations_iPad = "UIInterfaceOrientationPortrait UIInterfaceOrientationPortraitUpsideDown UIInterfaceOrientationLandscapeLeft UIInterfaceOrientationLandscapeRight";
				INFOPLIST_KEY_UISupportedInterfaceOrientations_iPhone = "UIInterfaceOrientationPortrait UIInterfaceOrientationLandscapeLeft UIInterfaceOrientationLandscapeRight";
				LD_RUNPATH_SEARCH_PATHS = (
					"$(inherited)",
					"@executable_path/Frameworks",
				);
				MARKETING_VERSION = 1.0;
				PRODUCT_BUNDLE_IDENTIFIER = com.myname.DailyCalories;
				PRODUCT_NAME = "$(TARGET_NAME)";
				SWIFT_EMIT_LOC_STRINGS = YES;
				SWIFT_VERSION = 5.0;
				TARGETED_DEVICE_FAMILY = "1,2";
			};
			name = Release;
		};
/* End XCBuildConfiguration section */

/* Begin XCConfigurationList section */
		A5B892D02A787065002A959E /* Build configuration list for PBXProject "DailyCalories" */ = {
			isa = XCConfigurationList;
			buildConfigurations = (
				A5B892E72A787066002A959E /* Debug */,
				A5B892E82A787066002A959E /* Release */,
			);
			defaultConfigurationIsVisible = 0;
			defaultConfigurationName = Release;
		};
		A5B892E92A787066002A959E /* Build configuration list for PBXNativeTarget "DailyCalories" */ = {
			isa = XCConfigurationList;
			buildConfigurations = (
				A5B892EA2A787066002A959E /* Debug */,
				A5B892EB2A787066002A959E /* Release */,
			);
			defaultConfigurationIsVisible = 0;
			defaultConfigurationName = Release;
		};
/* End XCConfigurationList section */

/* Begin XCVersionGroup section */
		A5C8E04A2A9029A90065726A /* DailyCaloriesModel.xcdatamodeld */ = {
			isa = XCVersionGroup;
			children = (
				A5C8E04B2A9029A90065726A /* DailyCaloriesModel.xcdatamodel */,
			);
			currentVersion = A5C8E04B2A9029A90065726A /* DailyCaloriesModel.xcdatamodel */;
			path = DailyCaloriesModel.xcdatamodeld;
			sourceTree = "<group>";
			versionGroupType = wrapper.xcdatamodel;
		};
/* End XCVersionGroup section */
	};
	rootObject = A5B892CD2A787065002A959E /* Project object */;
}
